Microsoft Visual Studio Solution File, Format Version 12.00
# Visual Studio 16
VisualStudioVersion = 14.0.23107.0
MinimumVisualStudioVersion = 10.0.40219.1
Project("{FAE04EC0-301F-11D3-BF4B-00C04F79EFBC}") = "CustomSortOrder", "CustomSortOrder\CustomSortOrder.Net5.csproj", "{6C22CA4A-AE75-4F74-8F73-043A7682EBE0}"
EndProject
Global
	GlobalSection(SolutionConfigurationPlatforms) = preSolution
		Debug|Any CPU = Debug|Any CPU
		Release|Any CPU = Release|Any CPU
	EndGlobalSection
	GlobalSection(ProjectConfigurationPlatforms) = postSolution
		{6C22CA4A-AE75-4F74-8F73-043A7682EBE0}.Debug|Any CPU.ActiveCfg = Debug|Any CPU
		{6C22CA4A-AE75-4F74-8F73-043A7682EBE0}.Debug|Any CPU.Build.0 = Debug|Any CPU
		{6C22CA4A-AE75-4F74-8F73-043A7682EBE0}.Release|Any CPU.ActiveCfg = Release|Any CPU
		{6C22CA4A-AE75-4F74-8F73-043A7682EBE0}.Release|Any CPU.Build.0 = Release|Any CPU
	EndGlobalSection
	GlobalSection(SolutionProperties) = preSolution
		HideSolutionNode = FALSE
	EndGlobalSection
EndGlobal
